<?xml version="1.0" encoding="utf-8"?>
<Project ToolsVersion="4.0" xmlns="http://schemas.microsoft.com/developer/msbuild/2003">
  <ItemGroup>
    <Filter Include="Source Files">
      <UniqueIdentifier>{4FC737F1-C7A5-4376-A066-2A32D752A2FF}</UniqueIdentifier>
      <Extensions>cpp;c;cc;cxx;def;odl;idl;hpj;bat;asm;asmx</Extensions>
    </Filter>
    <Filter Include="Header Files">
      <UniqueIdentifier>{93995380-89BD-4b04-88EB-625FBE52EBFB}</UniqueIdentifier>
      <Extensions>h;hh;hpp;hxx;hm;inl;inc;ipp;xsd</Extensions>
    </Filter>
    <Filter Include="Resource Files">
      <UniqueIdentifier>{67DA6AB6-F800-4c08-8B7A-83BB121AAD01}</UniqueIdentifier>
      <Extensions>rc;ico;cur;bmp;dlg;rc2;rct;bin;rgs;gif;jpg;jpeg;jpe;resx;tiff;tif;png;wav;mfcribbon-ms</Extensions>
    </Filter>
    <Filter Include="Source Files\Sprites">
      <UniqueIdentifier>{bfd6454a-52b3-4585-9bb9-3e2fb9407ef0}</UniqueIdentifier>
    </Filter>
    <Filter Include="Header Files\Sprites">
      <UniqueIdentifier>{bf293d26-8536-4e9c-ad8f-6989d889367d}</UniqueIdentifier>
    </Filter>
    <Filter Include="Source Files\States">
      <UniqueIdentifier>{50fdba4f-1545-4024-a766-ddc1b1175aa0}</UniqueIdentifier>
    </Filter>
    <Filter Include="Header Files\States">
      <UniqueIdentifier>{461c21ee-2c27-4f24-a73f-492187b754a9}</UniqueIdentifier>
    </Filter>
  </ItemGroup>
  <ItemGroup>
    <ClInclude Include="Animation.h">
      <Filter>Header Files</Filter>
    </ClInclude>
    <ClInclude Include="Collision.h">
      <Filter>Header Files</Filter>
    </ClInclude>
    <ClInclude Include="Input.h">
      <Filter>Header Files</Filter>
    </ClInclude>
    <ClInclude Include="MySprite.h">
      <Filter>Header Files</Filter>
    </ClInclude>
    <ClInclude Include="Vector.h">
      <Filter>Header Files</Filter>
    </ClInclude>
    <ClInclude Include="WeakEnemyManager.h">
      <Filter>Header Files</Filter>
    </ClInclude>
    <ClInclude Include="BulletManager.h">
      <Filter>Header Files</Filter>
    </ClInclude>
    <ClInclude Include="Main.h">
      <Filter>Header Files</Filter>
    </ClInclude>
    <ClInclude Include="AmmoPickup.h">
      <Filter>Header Files\Sprites</Filter>
    </ClInclude>
    <ClInclude Include="Bullet.h">
      <Filter>Header Files\Sprites</Filter>
    </ClInclude>
    <ClInclude Include="Coin.h">
      <Filter>Header Files\Sprites</Filter>
    </ClInclude>
    <ClInclude Include="HealthSprite.h">
      <Filter>Header Files\Sprites</Filter>
    </ClInclude>
    <ClInclude Include="Player.h">
      <Filter>Header Files\Sprites</Filter>
    </ClInclude>
    <ClInclude Include="WeakEnemy.h">
      <Filter>Header Files\Sprites</Filter>
    </ClInclude>
    <ClInclude Include="GameState.h">
      <Filter>Header Files\States</Filter>
    </ClInclude>
    <ClInclude Include="PauseState.h">
      <Filter>Header Files\States</Filter>
    </ClInclude>
    <ClInclude Include="Menu.h">
      <Filter>Header Files\States</Filter>
    </ClInclude>
    <ClInclude Include="Level.h">
      <Filter>Header Files\States</Filter>
    </ClInclude>
    <ClInclude Include="LooseScreen.h">
      <Filter>Header Files\States</Filter>
    </ClInclude>
    <ClInclude Include="WinScreen.h">
      <Filter>Header Files\States</Filter>
    </ClInclude>
    <ClInclude Include="HelpScreen.h">
      <Filter>Header Files\States</Filter>
    </ClInclude>
    <ClInclude Include="Sound.h">
      <Filter>Header Files</Filter>
    </ClInclude>
    <ClInclude Include="MusicObject.h">
      <Filter>Header Files</Filter>
    </ClInclude>
    <ClInclude Include="AudioManager.h">
      <Filter>Header Files</Filter>
    </ClInclude>
  </ItemGroup>
  <ItemGroup>
    <ClCompile Include="Main.cpp">
      <Filter>Source Files</Filter>
    </ClCompile>
    <ClCompile Include="Animation.cpp">
      <Filter>Source Files</Filter>
    </ClCompile>
    <ClCompile Include="Collision.cpp">
      <Filter>Source Files</Filter>
    </ClCompile>
    <ClCompile Include="Input.cpp">
      <Filter>Source Files</Filter>
    </ClCompile>
    <ClCompile Include="MySprite.cpp">
      <Filter>Source Files</Filter>
    </ClCompile>
    <ClCompile Include="Vector.cpp">
      <Filter>Source Files</Filter>
    </ClCompile>
    <ClCompile Include="WeakEnemyManager.cpp">
      <Filter>Source Files</Filter>
    </ClCompile>
    <ClCompile Include="BulletManager.cpp">
      <Filter>Source Files</Filter>
    </ClCompile>
    <ClCompile Include="AmmoPickup.cpp">
      <Filter>Source Files\Sprites</Filter>
    </ClCompile>
    <ClCompile Include="Coin.cpp">
      <Filter>Source Files\Sprites</Filter>
    </ClCompile>
    <ClCompile Include="HealthSprite.cpp">
      <Filter>Source Files\Sprites</Filter>
    </ClCompile>
    <ClCompile Include="Player.cpp">
      <Filter>Source Files\Sprites</Filter>
    </ClCompile>
    <ClCompile Include="WeakEnemy.cpp">
      <Filter>Source Files\Sprites</Filter>
    </ClCompile>
    <ClCompile Include="Bullet.cpp">
      <Filter>Source Files\Sprites</Filter>
    </ClCompile>
    <ClCompile Include="GameState.cpp">
      <Filter>Source Files\States</Filter>
    </ClCompile>
    <ClCompile Include="Level.cpp">
      <Filter>Source Files\States</Filter>
    </ClCompile>
    <ClCompile Include="Menu.cpp">
      <Filter>Source Files\States</Filter>
    </ClCompile>
    <ClCompile Include="PauseState.cpp">
      <Filter>Source Files\States</Filter>
    </ClCompile>
    <ClCompile Include="LooseScreen.cpp">
      <Filter>Source Files\States</Filter>
    </ClCompile>
    <ClCompile Include="WinScreen.cpp">
      <Filter>Source Files\States</Filter>
    </ClCompile>
    <ClCompile Include="HelpScreen.cpp">
      <Filter>Source Files\States</Filter>
    </ClCompile>
    <ClCompile Include="Sound.cpp">
      <Filter>Source Files</Filter>
    </ClCompile>
    <ClCompile Include="MusicObject.cpp">
      <Filter>Source Files</Filter>
    </ClCompile>
    <ClCompile Include="AudioManager.cpp">
      <Filter>Source Files</Filter>
    </ClCompile>
  </ItemGroup>
</Project>